
Microsoft Visual Studio Solution File, Format Version 12.00
# Visual Studio 15
VisualStudioVersion = 15.0.26730.8
MinimumVisualStudioVersion = 10.0.40219.1
Project("{FAE04EC0-301F-11D3-BF4B-00C04F79EFBC}") = "ValueTypes", "ValueTypes\ValueTypes.csproj", "{64C0C8CA-E4CC-4DF6-A05F-C2EF7B3D330C}"
EndProject
Project("{FAE04EC0-301F-11D3-BF4B-00C04F79EFBC}") = "CheckedOperator", "CheckedOperator\CheckedOperator.csproj", "{C99A582B-22C1-4631-BFF5-28DA89F30D98}"
EndProject
Project("{FAE04EC0-301F-11D3-BF4B-00C04F79EFBC}") = "BitWiseOperations", "BitWiseOperations\BitWiseOperations.csproj", "{5B6B9277-9BC5-4A69-9322-EA080152553F}"
EndProject
Global
	GlobalSection(SolutionConfigurationPlatforms) = preSolution
		Debug|Any CPU = Debug|Any CPU
		Release|Any CPU = Release|Any CPU
	EndGlobalSection
	GlobalSection(ProjectConfigurationPlatforms) = postSolution
		{64C0C8CA-E4CC-4DF6-A05F-C2EF7B3D330C}.Debug|Any CPU.ActiveCfg = Debug|Any CPU
		{64C0C8CA-E4CC-4DF6-A05F-C2EF7B3D330C}.Release|Any CPU.ActiveCfg = Release|Any CPU
		{64C0C8CA-E4CC-4DF6-A05F-C2EF7B3D330C}.Release|Any CPU.Build.0 = Release|Any CPU
		{C99A582B-22C1-4631-BFF5-28DA89F30D98}.Debug|Any CPU.ActiveCfg = Debug|Any CPU
		{C99A582B-22C1-4631-BFF5-28DA89F30D98}.Release|Any CPU.ActiveCfg = Release|Any CPU
		{C99A582B-22C1-4631-BFF5-28DA89F30D98}.Release|Any CPU.Build.0 = Release|Any CPU
		{5B6B9277-9BC5-4A69-9322-EA080152553F}.Debug|Any CPU.ActiveCfg = Debug|Any CPU
		{5B6B9277-9BC5-4A69-9322-EA080152553F}.Debug|Any CPU.Build.0 = Debug|Any CPU
		{5B6B9277-9BC5-4A69-9322-EA080152553F}.Release|Any CPU.ActiveCfg = Release|Any CPU
		{5B6B9277-9BC5-4A69-9322-EA080152553F}.Release|Any CPU.Build.0 = Release|Any CPU
	EndGlobalSection
	GlobalSection(SolutionProperties) = preSolution
		HideSolutionNode = FALSE
	EndGlobalSection
	GlobalSection(ExtensibilityGlobals) = postSolution
		SolutionGuid = {048DBBDF-3EE8-4FF6-A1D4-3E5A3298B7D6}
	EndGlobalSection
EndGlobal
