
Microsoft Visual Studio Solution File, Format Version 12.00
# Visual Studio 15
VisualStudioVersion = 15.0.26730.8
MinimumVisualStudioVersion = 10.0.40219.1
Project("{FAE04EC0-301F-11D3-BF4B-00C04F79EFBC}") = "TaskAsync", "TaskAsync\TaskAsync.csproj", "{54C9434E-635D-4636-AC13-8AD5B7708E39}"
EndProject
Project("{FAE04EC0-301F-11D3-BF4B-00C04F79EFBC}") = "AsyncWaitTest", "AsyncWaitTest\AsyncWaitTest.csproj", "{0E0DE9EE-345B-4EBC-9C8F-430CED4B023F}"
EndProject
Global
	GlobalSection(SolutionConfigurationPlatforms) = preSolution
		Debug|Any CPU = Debug|Any CPU
		Release|Any CPU = Release|Any CPU
	EndGlobalSection
	GlobalSection(ProjectConfigurationPlatforms) = postSolution
		{54C9434E-635D-4636-AC13-8AD5B7708E39}.Debug|Any CPU.ActiveCfg = Debug|Any CPU
		{54C9434E-635D-4636-AC13-8AD5B7708E39}.Release|Any CPU.ActiveCfg = Release|Any CPU
		{54C9434E-635D-4636-AC13-8AD5B7708E39}.Release|Any CPU.Build.0 = Release|Any CPU
		{0E0DE9EE-345B-4EBC-9C8F-430CED4B023F}.Debug|Any CPU.ActiveCfg = Debug|Any CPU
		{0E0DE9EE-345B-4EBC-9C8F-430CED4B023F}.Debug|Any CPU.Build.0 = Debug|Any CPU
		{0E0DE9EE-345B-4EBC-9C8F-430CED4B023F}.Release|Any CPU.ActiveCfg = Release|Any CPU
		{0E0DE9EE-345B-4EBC-9C8F-430CED4B023F}.Release|Any CPU.Build.0 = Release|Any CPU
	EndGlobalSection
	GlobalSection(SolutionProperties) = preSolution
		HideSolutionNode = FALSE
	EndGlobalSection
	GlobalSection(ExtensibilityGlobals) = postSolution
		SolutionGuid = {D06D07AF-D140-4C83-A49E-F0B95BDEC943}
	EndGlobalSection
EndGlobal
